
Microsoft Visual Studio Solution File, Format Version 12.00
# Visual Studio Version 17
VisualStudioVersion = 17.14.36429.23
MinimumVisualStudioVersion = 10.0.40219.1
Project("{FAE04EC0-301F-11D3-BF4B-00C04F79EFBC}") = "ConsoleApp2", "ConsoleApp2\ConsoleApp2.csproj", "{D0F84B73-5530-42D5-BD20-35F74EA74703}"
EndProject
Project("{FAE04EC0-301F-11D3-BF4B-00C04F79EFBC}") = "ApptTechnortalBatch3ConsoleApp2", "ApptTechnortalBatch3ConsoleApp2\ApptTechnortalBatch3ConsoleApp2.csproj", "{64D77724-0FB6-4956-8DC6-69B4D6E2B8DC}"
EndProject
Global
	GlobalSection(SolutionConfigurationPlatforms) = preSolution
		Debug|Any CPU = Debug|Any CPU
		Release|Any CPU = Release|Any CPU
	EndGlobalSection
	GlobalSection(ProjectConfigurationPlatforms) = postSolution
		{D0F84B73-5530-42D5-BD20-35F74EA74703}.Debug|Any CPU.ActiveCfg = Debug|Any CPU
		{D0F84B73-5530-42D5-BD20-35F74EA74703}.Debug|Any CPU.Build.0 = Debug|Any CPU
		{D0F84B73-5530-42D5-BD20-35F74EA74703}.Release|Any CPU.ActiveCfg = Release|Any CPU
		{D0F84B73-5530-42D5-BD20-35F74EA74703}.Release|Any CPU.Build.0 = Release|Any CPU
		{64D77724-0FB6-4956-8DC6-69B4D6E2B8DC}.Debug|Any CPU.ActiveCfg = Debug|Any CPU
		{64D77724-0FB6-4956-8DC6-69B4D6E2B8DC}.Debug|Any CPU.Build.0 = Debug|Any CPU
		{64D77724-0FB6-4956-8DC6-69B4D6E2B8DC}.Release|Any CPU.ActiveCfg = Release|Any CPU
		{64D77724-0FB6-4956-8DC6-69B4D6E2B8DC}.Release|Any CPU.Build.0 = Release|Any CPU
	EndGlobalSection
	GlobalSection(SolutionProperties) = preSolution
		HideSolutionNode = FALSE
	EndGlobalSection
	GlobalSection(ExtensibilityGlobals) = postSolution
		SolutionGuid = {64B2205C-46F2-4589-A714-ED4833DDC892}
	EndGlobalSection
EndGlobal
